// !$*UTF8*$!
{
	archiveVersion = 1;
	classes = {
	};
	objectVersion = 56;
	objects = {

/* Begin PBXBuildFile section */
		C1041EC92BAF880F003081F2 /* DestinationSearchView.swift in Sources */ = {isa = PBXBuildFile; fileRef = C1041EC82BAF880F003081F2 /* DestinationSearchView.swift */; };
		C1041ECB2BAFDC03003081F2 /* ProfileView.swift in Sources */ = {isa = PBXBuildFile; fileRef = C1041ECA2BAFDC03003081F2 /* ProfileView.swift */; };
		C1041ECD2BAFDE19003081F2 /* ProfileOptionRowView.swift in Sources */ = {isa = PBXBuildFile; fileRef = C1041ECC2BAFDE19003081F2 /* ProfileOptionRowView.swift */; };
		C1041ECF2BB080D2003081F2 /* WishlistView.swift in Sources */ = {isa = PBXBuildFile; fileRef = C1041ECE2BB080D2003081F2 /* WishlistView.swift */; };
		C1041ED12BB08340003081F2 /* MainTabView.swift in Sources */ = {isa = PBXBuildFile; fileRef = C1041ED02BB08340003081F2 /* MainTabView.swift */; };
		C1041ED52BB0886F003081F2 /* Listing.swift in Sources */ = {isa = PBXBuildFile; fileRef = C1041ED42BB0886F003081F2 /* Listing.swift */; };
		C1D3F08F2BADEA5F00D6F92E /* AirbnbTutorialApp.swift in Sources */ = {isa = PBXBuildFile; fileRef = C1D3F08E2BADEA5F00D6F92E /* AirbnbTutorialApp.swift */; };
		C1D3F0912BADEA5F00D6F92E /* ContentView.swift in Sources */ = {isa = PBXBuildFile; fileRef = C1D3F0902BADEA5F00D6F92E /* ContentView.swift */; };
		C1D3F0932BADEA6100D6F92E /* Assets.xcassets in Resources */ = {isa = PBXBuildFile; fileRef = C1D3F0922BADEA6100D6F92E /* Assets.xcassets */; };
		C1D3F0962BADEA6100D6F92E /* Preview Assets.xcassets in Resources */ = {isa = PBXBuildFile; fileRef = C1D3F0952BADEA6100D6F92E /* Preview Assets.xcassets */; };
		C1D3F0A92BADEC7300D6F92E /* ExploreView.swift in Sources */ = {isa = PBXBuildFile; fileRef = C1D3F0A82BADEC7300D6F92E /* ExploreView.swift */; };
		C1D3F0AB2BADED9C00D6F92E /* ListingItemView.swift in Sources */ = {isa = PBXBuildFile; fileRef = C1D3F0AA2BADED9C00D6F92E /* ListingItemView.swift */; };
		C1D3F0AD2BAE064900D6F92E /* SearchAndFilterBar.swift in Sources */ = {isa = PBXBuildFile; fileRef = C1D3F0AC2BAE064900D6F92E /* SearchAndFilterBar.swift */; };
		C1D3F0AF2BAE0BA600D6F92E /* ListingDetailView.swift in Sources */ = {isa = PBXBuildFile; fileRef = C1D3F0AE2BAE0BA600D6F92E /* ListingDetailView.swift */; };
		C1D3F0B22BAE0C7F00D6F92E /* ListingImageCarouselView.swift in Sources */ = {isa = PBXBuildFile; fileRef = C1D3F0B12BAE0C7F00D6F92E /* ListingImageCarouselView.swift */; };
/* End PBXBuildFile section */

/* Begin PBXFileReference section */
		C1041EC82BAF880F003081F2 /* DestinationSearchView.swift */ = {isa = PBXFileReference; lastKnownFileType = sourcecode.swift; path = DestinationSearchView.swift; sourceTree = "<group>"; };
		C1041ECA2BAFDC03003081F2 /* ProfileView.swift */ = {isa = PBXFileReference; lastKnownFileType = sourcecode.swift; path = ProfileView.swift; sourceTree = "<group>"; };
		C1041ECC2BAFDE19003081F2 /* ProfileOptionRowView.swift */ = {isa = PBXFileReference; lastKnownFileType = sourcecode.swift; path = ProfileOptionRowView.swift; sourceTree = "<group>"; };
		C1041ECE2BB080D2003081F2 /* WishlistView.swift */ = {isa = PBXFileReference; lastKnownFileType = sourcecode.swift; path = WishlistView.swift; sourceTree = "<group>"; };
		C1041ED02BB08340003081F2 /* MainTabView.swift */ = {isa = PBXFileReference; lastKnownFileType = sourcecode.swift; path = MainTabView.swift; sourceTree = "<group>"; };
		C1041ED42BB0886F003081F2 /* Listing.swift */ = {isa = PBXFileReference; lastKnownFileType = sourcecode.swift; path = Listing.swift; sourceTree = "<group>"; };
		C1D3F08B2BADEA5F00D6F92E /* AirbnbTutorial.app */ = {isa = PBXFileReference; explicitFileType = wrapper.application; includeInIndex = 0; path = AirbnbTutorial.app; sourceTree = BUILT_PRODUCTS_DIR; };
		C1D3F08E2BADEA5F00D6F92E /* AirbnbTutorialApp.swift */ = {isa = PBXFileReference; lastKnownFileType = sourcecode.swift; path = AirbnbTutorialApp.swift; sourceTree = "<group>"; };
		C1D3F0902BADEA5F00D6F92E /* ContentView.swift */ = {isa = PBXFileReference; lastKnownFileType = sourcecode.swift; path = ContentView.swift; sourceTree = "<group>"; };
		C1D3F0922BADEA6100D6F92E /* Assets.xcassets */ = {isa = PBXFileReference; lastKnownFileType = folder.assetcatalog; path = Assets.xcassets; sourceTree = "<group>"; };
		C1D3F0952BADEA6100D6F92E /* Preview Assets.xcassets */ = {isa = PBXFileReference; lastKnownFileType = folder.assetcatalog; path = "Preview Assets.xcassets"; sourceTree = "<group>"; };
		C1D3F0A82BADEC7300D6F92E /* ExploreView.swift */ = {isa = PBXFileReference; lastKnownFileType = sourcecode.swift; path = ExploreView.swift; sourceTree = "<group>"; };
		C1D3F0AA2BADED9C00D6F92E /* ListingItemView.swift */ = {isa = PBXFileReference; lastKnownFileType = sourcecode.swift; path = ListingItemView.swift; sourceTree = "<group>"; };
		C1D3F0AC2BAE064900D6F92E /* SearchAndFilterBar.swift */ = {isa = PBXFileReference; lastKnownFileType = sourcecode.swift; path = SearchAndFilterBar.swift; sourceTree = "<group>"; };
		C1D3F0AE2BAE0BA600D6F92E /* ListingDetailView.swift */ = {isa = PBXFileReference; lastKnownFileType = sourcecode.swift; path = ListingDetailView.swift; sourceTree = "<group>"; };
		C1D3F0B12BAE0C7F00D6F92E /* ListingImageCarouselView.swift */ = {isa = PBXFileReference; lastKnownFileType = sourcecode.swift; path = ListingImageCarouselView.swift; sourceTree = "<group>"; };
/* End PBXFileReference section */

/* Begin PBXFrameworksBuildPhase section */
		C1D3F0882BADEA5F00D6F92E /* Frameworks */ = {
			isa = PBXFrameworksBuildPhase;
			buildActionMask = 2147483647;
			files = (
			);
			runOnlyForDeploymentPostprocessing = 0;
		};
/* End PBXFrameworksBuildPhase section */

/* Begin PBXGroup section */
		C1041ED22BB08828003081F2 /* Model */ = {
			isa = PBXGroup;
			children = (
				C1041ED42BB0886F003081F2 /* Listing.swift */,
			);
			path = Model;
			sourceTree = "<group>";
		};
		C1041ED32BB0883A003081F2 /* View */ = {
			isa = PBXGroup;
			children = (
				C1D3F0AA2BADED9C00D6F92E /* ListingItemView.swift */,
				C1D3F0AE2BAE0BA600D6F92E /* ListingDetailView.swift */,
			);
			path = View;
			sourceTree = "<group>";
		};
		C1D3F0822BADEA5F00D6F92E = {
			isa = PBXGroup;
			children = (
				C1D3F08D2BADEA5F00D6F92E /* AirbnbTutorial */,
				C1D3F08C2BADEA5F00D6F92E /* Products */,
			);
			sourceTree = "<group>";
		};
		C1D3F08C2BADEA5F00D6F92E /* Products */ = {
			isa = PBXGroup;
			children = (
				C1D3F08B2BADEA5F00D6F92E /* AirbnbTutorial.app */,
			);
			name = Products;
			sourceTree = "<group>";
		};
		C1D3F08D2BADEA5F00D6F92E /* AirbnbTutorial */ = {
			isa = PBXGroup;
			children = (
				C1D3F09C2BADEA8100D6F92E /* App */,
				C1D3F09D2BADEA8E00D6F92E /* Core */,
				C1D3F09E2BADEA9700D6F92E /* Externtions */,
				C1D3F09F2BADEAA200D6F92E /* Models */,
				C1D3F0A02BADEAB000D6F92E /* Utils */,
				C1D3F0902BADEA5F00D6F92E /* ContentView.swift */,
				C1D3F0922BADEA6100D6F92E /* Assets.xcassets */,
				C1D3F0942BADEA6100D6F92E /* Preview Content */,
			);
			path = AirbnbTutorial;
			sourceTree = "<group>";
		};
		C1D3F0942BADEA6100D6F92E /* Preview Content */ = {
			isa = PBXGroup;
			children = (
				C1D3F0952BADEA6100D6F92E /* Preview Assets.xcassets */,
			);
			path = "Preview Content";
			sourceTree = "<group>";
		};
		C1D3F09C2BADEA8100D6F92E /* App */ = {
			isa = PBXGroup;
			children = (
				C1D3F08E2BADEA5F00D6F92E /* AirbnbTutorialApp.swift */,
			);
			path = App;
			sourceTree = "<group>";
		};
		C1D3F09D2BADEA8E00D6F92E /* Core */ = {
			isa = PBXGroup;
			children = (
				C1D3F0B02BAE0C2B00D6F92E /* Components */,
				C1D3F0A12BADEB8E00D6F92E /* Explore */,
				C1D3F0A22BADEB9700D6F92E /* Listings */,
				C1D3F0A32BADEB9E00D6F92E /* MapView */,
				C1D3F0A42BADEBAE00D6F92E /* Profile */,
				C1D3F0A72BADEBE800D6F92E /* Root */,
				C1D3F0A62BADEBC600D6F92E /* TabBar */,
				C1D3F0A52BADEBB600D6F92E /* Wishlist */,
			);
			path = Core;
			sourceTree = "<group>";
		};
		C1D3F09E2BADEA9700D6F92E /* Externtions */ = {
			isa = PBXGroup;
			children = (
			);
			path = Externtions;
			sourceTree = "<group>";
		};
		C1D3F09F2BADEAA200D6F92E /* Models */ = {
			isa = PBXGroup;
			children = (
			);
			path = Models;
			sourceTree = "<group>";
		};
		C1D3F0A02BADEAB000D6F92E /* Utils */ = {
			isa = PBXGroup;
			children = (
			);
			path = Utils;
			sourceTree = "<group>";
		};
		C1D3F0A12BADEB8E00D6F92E /* Explore */ = {
			isa = PBXGroup;
			children = (
				C1D3F0A82BADEC7300D6F92E /* ExploreView.swift */,
				C1D3F0AC2BAE064900D6F92E /* SearchAndFilterBar.swift */,
				C1041EC82BAF880F003081F2 /* DestinationSearchView.swift */,
			);
			path = Explore;
			sourceTree = "<group>";
		};
		C1D3F0A22BADEB9700D6F92E /* Listings */ = {
			isa = PBXGroup;
			children = (
				C1041ED22BB08828003081F2 /* Model */,
				C1041ED32BB0883A003081F2 /* View */,
			);
			path = Listings;
			sourceTree = "<group>";
		};
		C1D3F0A32BADEB9E00D6F92E /* MapView */ = {
			isa = PBXGroup;
			children = (
			);
			path = MapView;
			sourceTree = "<group>";
		};
		C1D3F0A42BADEBAE00D6F92E /* Profile */ = {
			isa = PBXGroup;
			children = (
				C1041ECA2BAFDC03003081F2 /* ProfileView.swift */,
				C1041ECC2BAFDE19003081F2 /* ProfileOptionRowView.swift */,
			);
			path = Profile;
			sourceTree = "<group>";
		};
		C1D3F0A52BADEBB600D6F92E /* Wishlist */ = {
			isa = PBXGroup;
			children = (
				C1041ECE2BB080D2003081F2 /* WishlistView.swift */,
			);
			path = Wishlist;
			sourceTree = "<group>";
		};
		C1D3F0A62BADEBC600D6F92E /* TabBar */ = {
			isa = PBXGroup;
			children = (
				C1041ED02BB08340003081F2 /* MainTabView.swift */,
			);
			path = TabBar;
			sourceTree = "<group>";
		};
		C1D3F0A72BADEBE800D6F92E /* Root */ = {
			isa = PBXGroup;
			children = (
			);
			path = Root;
			sourceTree = "<group>";
		};
		C1D3F0B02BAE0C2B00D6F92E /* Components */ = {
			isa = PBXGroup;
			children = (
				C1D3F0B12BAE0C7F00D6F92E /* ListingImageCarouselView.swift */,
			);
			path = Components;
			sourceTree = "<group>";
		};
/* End PBXGroup section */

/* Begin PBXNativeTarget section */
		C1D3F08A2BADEA5F00D6F92E /* AirbnbTutorial */ = {
			isa = PBXNativeTarget;
			buildConfigurationList = C1D3F0992BADEA6100D6F92E /* Build configuration list for PBXNativeTarget "AirbnbTutorial" */;
			buildPhases = (
				C1D3F0872BADEA5F00D6F92E /* Sources */,
				C1D3F0882BADEA5F00D6F92E /* Frameworks */,
				C1D3F0892BADEA5F00D6F92E /* Resources */,
			);
			buildRules = (
			);
			dependencies = (
			);
			name = AirbnbTutorial;
			productName = AirbnbTutorial;
			productReference = C1D3F08B2BADEA5F00D6F92E /* AirbnbTutorial.app */;
			productType = "com.apple.product-type.application";
		};
/* End PBXNativeTarget section */

/* Begin PBXProject section */
		C1D3F0832BADEA5F00D6F92E /* Project object */ = {
			isa = PBXProject;
			attributes = {
				BuildIndependentTargetsInParallel = 1;
				LastSwiftUpdateCheck = 1530;
				LastUpgradeCheck = 1530;
				TargetAttributes = {
					C1D3F08A2BADEA5F00D6F92E = {
						CreatedOnToolsVersion = 15.3;
					};
				};
			};
			buildConfigurationList = C1D3F0862BADEA5F00D6F92E /* Build configuration list for PBXProject "AirbnbTutorial" */;
			compatibilityVersion = "Xcode 14.0";
			developmentRegion = en;
			hasScannedForEncodings = 0;
			knownRegions = (
				en,
				Base,
			);
			mainGroup = C1D3F0822BADEA5F00D6F92E;
			productRefGroup = C1D3F08C2BADEA5F00D6F92E /* Products */;
			projectDirPath = "";
			projectRoot = "";
			targets = (
				C1D3F08A2BADEA5F00D6F92E /* AirbnbTutorial */,
			);
		};
/* End PBXProject section */

/* Begin PBXResourcesBuildPhase section */
		C1D3F0892BADEA5F00D6F92E /* Resources */ = {
			isa = PBXResourcesBuildPhase;
			buildActionMask = 2147483647;
			files = (
				C1D3F0962BADEA6100D6F92E /* Preview Assets.xcassets in Resources */,
				C1D3F0932BADEA6100D6F92E /* Assets.xcassets in Resources */,
			);
			runOnlyForDeploymentPostprocessing = 0;
		};
/* End PBXResourcesBuildPhase section */

/* Begin PBXSourcesBuildPhase section */
		C1D3F0872BADEA5F00D6F92E /* Sources */ = {
			isa = PBXSourcesBuildPhase;
			buildActionMask = 2147483647;
			files = (
				C1D3F0B22BAE0C7F00D6F92E /* ListingImageCarouselView.swift in Sources */,
				C1041ECB2BAFDC03003081F2 /* ProfileView.swift in Sources */,
				C1041ECD2BAFDE19003081F2 /* ProfileOptionRowView.swift in Sources */,
				C1041EC92BAF880F003081F2 /* DestinationSearchView.swift in Sources */,
				C1D3F0912BADEA5F00D6F92E /* ContentView.swift in Sources */,
				C1D3F0AB2BADED9C00D6F92E /* ListingItemView.swift in Sources */,
				C1D3F0A92BADEC7300D6F92E /* ExploreView.swift in Sources */,
				C1041ED52BB0886F003081F2 /* Listing.swift in Sources */,
				C1041ECF2BB080D2003081F2 /* WishlistView.swift in Sources */,
				C1D3F0AD2BAE064900D6F92E /* SearchAndFilterBar.swift in Sources */,
				C1D3F0AF2BAE0BA600D6F92E /* ListingDetailView.swift in Sources */,
				C1D3F08F2BADEA5F00D6F92E /* AirbnbTutorialApp.swift in Sources */,
				C1041ED12BB08340003081F2 /* MainTabView.swift in Sources */,
			);
			runOnlyForDeploymentPostprocessing = 0;
		};
/* End PBXSourcesBuildPhase section */

/* Begin XCBuildConfiguration section */
		C1D3F0972BADEA6100D6F92E /* Debug */ = {
			isa = XCBuildConfiguration;
			buildSettings = {
				ALWAYS_SEARCH_USER_PATHS = NO;
				ASSETCATALOG_COMPILER_GENERATE_SWIFT_ASSET_SYMBOL_EXTENSIONS = YES;
				CLANG_ANALYZER_NONNULL = YES;
				CLANG_ANALYZER_NUMBER_OBJECT_CONVERSION = YES_AGGRESSIVE;
				CLANG_CXX_LANGUAGE_STANDARD = "gnu++20";
				CLANG_ENABLE_MODULES = YES;
				CLANG_ENABLE_OBJC_ARC = YES;
				CLANG_ENABLE_OBJC_WEAK = YES;
				CLANG_WARN_BLOCK_CAPTURE_AUTORELEASING = YES;
				CLANG_WARN_BOOL_CONVERSION = YES;
				CLANG_WARN_COMMA = YES;
				CLANG_WARN_CONSTANT_CONVERSION = YES;
				CLANG_WARN_DEPRECATED_OBJC_IMPLEMENTATIONS = YES;
				CLANG_WARN_DIRECT_OBJC_ISA_USAGE = YES_ERROR;
				CLANG_WARN_DOCUMENTATION_COMMENTS = YES;
				CLANG_WARN_EMPTY_BODY = YES;
				CLANG_WARN_ENUM_CONVERSION = YES;
				CLANG_WARN_INFINITE_RECURSION = YES;
				CLANG_WARN_INT_CONVERSION = YES;
				CLANG_WARN_NON_LITERAL_NULL_CONVERSION = YES;
				CLANG_WARN_OBJC_IMPLICIT_RETAIN_SELF = YES;
				CLANG_WARN_OBJC_LITERAL_CONVERSION = YES;
				CLANG_WARN_OBJC_ROOT_CLASS = YES_ERROR;
				CLANG_WARN_QUOTED_INCLUDE_IN_FRAMEWORK_HEADER = YES;
				CLANG_WARN_RANGE_LOOP_ANALYSIS = YES;
				CLANG_WARN_STRICT_PROTOTYPES = YES;
				CLANG_WARN_SUSPICIOUS_MOVE = YES;
				CLANG_WARN_UNGUARDED_AVAILABILITY = YES_AGGRESSIVE;
				CLANG_WARN_UNREACHABLE_CODE = YES;
				CLANG_WARN__DUPLICATE_METHOD_MATCH = YES;
				COPY_PHASE_STRIP = NO;
				DEBUG_INFORMATION_FORMAT = dwarf;
				ENABLE_STRICT_OBJC_MSGSEND = YES;
				ENABLE_TESTABILITY = YES;
				ENABLE_USER_SCRIPT_SANDBOXING = YES;
				GCC_C_LANGUAGE_STANDARD = gnu17;
				GCC_DYNAMIC_NO_PIC = NO;
				GCC_NO_COMMON_BLOCKS = YES;
				GCC_OPTIMIZATION_LEVEL = 0;
				GCC_PREPROCESSOR_DEFINITIONS = (
					"DEBUG=1",
					"$(inherited)",
				);
				GCC_WARN_64_TO_32_BIT_CONVERSION = YES;
				GCC_WARN_ABOUT_RETURN_TYPE = YES_ERROR;
				GCC_WARN_UNDECLARED_SELECTOR = YES;
				GCC_WARN_UNINITIALIZED_AUTOS = YES_AGGRESSIVE;
				GCC_WARN_UNUSED_FUNCTION = YES;
				GCC_WARN_UNUSED_VARIABLE = YES;
				IPHONEOS_DEPLOYMENT_TARGET = 17.4;
				LOCALIZATION_PREFERS_STRING_CATALOGS = YES;
				MTL_ENABLE_DEBUG_INFO = INCLUDE_SOURCE;
				MTL_FAST_MATH = YES;
				ONLY_ACTIVE_ARCH = YES;
				SDKROOT = iphoneos;
				SWIFT_ACTIVE_COMPILATION_CONDITIONS = "DEBUG $(inherited)";
				SWIFT_OPTIMIZATION_LEVEL = "-Onone";
			};
			name = Debug;
		};
		C1D3F0982BADEA6100D6F92E /* Release */ = {
			isa = XCBuildConfiguration;
			buildSettings = {
				ALWAYS_SEARCH_USER_PATHS = NO;
				ASSETCATALOG_COMPILER_GENERATE_SWIFT_ASSET_SYMBOL_EXTENSIONS = YES;
				CLANG_ANALYZER_NONNULL = YES;
				CLANG_ANALYZER_NUMBER_OBJECT_CONVERSION = YES_AGGRESSIVE;
				CLANG_CXX_LANGUAGE_STANDARD = "gnu++20";
				CLANG_ENABLE_MODULES = YES;
				CLANG_ENABLE_OBJC_ARC = YES;
				CLANG_ENABLE_OBJC_WEAK = YES;
				CLANG_WARN_BLOCK_CAPTURE_AUTORELEASING = YES;
				CLANG_WARN_BOOL_CONVERSION = YES;
				CLANG_WARN_COMMA = YES;
				CLANG_WARN_CONSTANT_CONVERSION = YES;
				CLANG_WARN_DEPRECATED_OBJC_IMPLEMENTATIONS = YES;
				CLANG_WARN_DIRECT_OBJC_ISA_USAGE = YES_ERROR;
				CLANG_WARN_DOCUMENTATION_COMMENTS = YES;
				CLANG_WARN_EMPTY_BODY = YES;
				CLANG_WARN_ENUM_CONVERSION = YES;
				CLANG_WARN_INFINITE_RECURSION = YES;
				CLANG_WARN_INT_CONVERSION = YES;
				CLANG_WARN_NON_LITERAL_NULL_CONVERSION = YES;
				CLANG_WARN_OBJC_IMPLICIT_RETAIN_SELF = YES;
				CLANG_WARN_OBJC_LITERAL_CONVERSION = YES;
				CLANG_WARN_OBJC_ROOT_CLASS = YES_ERROR;
				CLANG_WARN_QUOTED_INCLUDE_IN_FRAMEWORK_HEADER = YES;
				CLANG_WARN_RANGE_LOOP_ANALYSIS = YES;
				CLANG_WARN_STRICT_PROTOTYPES = YES;
				CLANG_WARN_SUSPICIOUS_MOVE = YES;
				CLANG_WARN_UNGUARDED_AVAILABILITY = YES_AGGRESSIVE;
				CLANG_WARN_UNREACHABLE_CODE = YES;
				CLANG_WARN__DUPLICATE_METHOD_MATCH = YES;
				COPY_PHASE_STRIP = NO;
				DEBUG_INFORMATION_FORMAT = "dwarf-with-dsym";
				ENABLE_NS_ASSERTIONS = NO;
				ENABLE_STRICT_OBJC_MSGSEND = YES;
				ENABLE_USER_SCRIPT_SANDBOXING = YES;
				GCC_C_LANGUAGE_STANDARD = gnu17;
				GCC_NO_COMMON_BLOCKS = YES;
				GCC_WARN_64_TO_32_BIT_CONVERSION = YES;
				GCC_WARN_ABOUT_RETURN_TYPE = YES_ERROR;
				GCC_WARN_UNDECLARED_SELECTOR = YES;
				GCC_WARN_UNINITIALIZED_AUTOS = YES_AGGRESSIVE;
				GCC_WARN_UNUSED_FUNCTION = YES;
				GCC_WARN_UNUSED_VARIABLE = YES;
				IPHONEOS_DEPLOYMENT_TARGET = 17.4;
				LOCALIZATION_PREFERS_STRING_CATALOGS = YES;
				MTL_ENABLE_DEBUG_INFO = NO;
				MTL_FAST_MATH = YES;
				SDKROOT = iphoneos;
				SWIFT_COMPILATION_MODE = wholemodule;
				VALIDATE_PRODUCT = YES;
			};
			name = Release;
		};
		C1D3F09A2BADEA6100D6F92E /* Debug */ = {
			isa = XCBuildConfiguration;
			buildSettings = {
				ASSETCATALOG_COMPILER_APPICON_NAME = AppIcon;
				ASSETCATALOG_COMPILER_GLOBAL_ACCENT_COLOR_NAME = AccentColor;
				CODE_SIGN_STYLE = Automatic;
				CURRENT_PROJECT_VERSION = 1;
				DEVELOPMENT_ASSET_PATHS = "\"AirbnbTutorial/Preview Content\"";
				ENABLE_PREVIEWS = YES;
				GENERATE_INFOPLIST_FILE = YES;
				INFOPLIST_KEY_UIApplicationSceneManifest_Generation = YES;
				INFOPLIST_KEY_UIApplicationSupportsIndirectInputEvents = YES;
				INFOPLIST_KEY_UILaunchScreen_Generation = YES;
				INFOPLIST_KEY_UISupportedInterfaceOrientations_iPad = "UIInterfaceOrientationPortrait UIInterfaceOrientationPortraitUpsideDown UIInterfaceOrientationLandscapeLeft UIInterfaceOrientationLandscapeRight";
				INFOPLIST_KEY_UISupportedInterfaceOrientations_iPhone = "UIInterfaceOrientationPortrait UIInterfaceOrientationLandscapeLeft UIInterfaceOrientationLandscapeRight";
				LD_RUNPATH_SEARCH_PATHS = (
					"$(inherited)",
					"@executable_path/Frameworks",
				);
				MARKETING_VERSION = 1.0;
				PRODUCT_BUNDLE_IDENTIFIER = com.aboutmohit.AirbnbTutorial;
				PRODUCT_NAME = "$(TARGET_NAME)";
				SWIFT_EMIT_LOC_STRINGS = YES;
				SWIFT_VERSION = 5.0;
				TARGETED_DEVICE_FAMILY = "1,2";
			};
			name = Debug;
		};
		C1D3F09B2BADEA6100D6F92E /* Release */ = {
			isa = XCBuildConfiguration;
			buildSettings = {
				ASSETCATALOG_COMPILER_APPICON_NAME = AppIcon;
				ASSETCATALOG_COMPILER_GLOBAL_ACCENT_COLOR_NAME = AccentColor;
				CODE_SIGN_STYLE = Automatic;
				CURRENT_PROJECT_VERSION = 1;
				DEVELOPMENT_ASSET_PATHS = "\"AirbnbTutorial/Preview Content\"";
				ENABLE_PREVIEWS = YES;
				GENERATE_INFOPLIST_FILE = YES;
				INFOPLIST_KEY_UIApplicationSceneManifest_Generation = YES;
				INFOPLIST_KEY_UIApplicationSupportsIndirectInputEvents = YES;
				INFOPLIST_KEY_UILaunchScreen_Generation = YES;
				INFOPLIST_KEY_UISupportedInterfaceOrientations_iPad = "UIInterfaceOrientationPortrait UIInterfaceOrientationPortraitUpsideDown UIInterfaceOrientationLandscapeLeft UIInterfaceOrientationLandscapeRight";
				INFOPLIST_KEY_UISupportedInterfaceOrientations_iPhone = "UIInterfaceOrientationPortrait UIInterfaceOrientationLandscapeLeft UIInterfaceOrientationLandscapeRight";
				LD_RUNPATH_SEARCH_PATHS = (
					"$(inherited)",
					"@executable_path/Frameworks",
				);
				MARKETING_VERSION = 1.0;
				PRODUCT_BUNDLE_IDENTIFIER = com.aboutmohit.AirbnbTutorial;
				PRODUCT_NAME = "$(TARGET_NAME)";
				SWIFT_EMIT_LOC_STRINGS = YES;
				SWIFT_VERSION = 5.0;
				TARGETED_DEVICE_FAMILY = "1,2";
			};
			name = Release;
		};
/* End XCBuildConfiguration section */

/* Begin XCConfigurationList section */
		C1D3F0862BADEA5F00D6F92E /* Build configuration list for PBXProject "AirbnbTutorial" */ = {
			isa = XCConfigurationList;
			buildConfigurations = (
				C1D3F0972BADEA6100D6F92E /* Debug */,
				C1D3F0982BADEA6100D6F92E /* Release */,
			);
			defaultConfigurationIsVisible = 0;
			defaultConfigurationName = Release;
		};
		C1D3F0992BADEA6100D6F92E /* Build configuration list for PBXNativeTarget "AirbnbTutorial" */ = {
			isa = XCConfigurationList;
			buildConfigurations = (
				C1D3F09A2BADEA6100D6F92E /* Debug */,
				C1D3F09B2BADEA6100D6F92E /* Release */,
			);
			defaultConfigurationIsVisible = 0;
			defaultConfigurationName = Release;
		};
/* End XCConfigurationList section */
	};
	rootObject = C1D3F0832BADEA5F00D6F92E /* Project object */;
}
